
Microsoft Visual Studio Solution File, Format Version 12.00
# Visual Studio Version 17
VisualStudioVersion = 17.13.35818.85 d17.13
MinimumVisualStudioVersion = 10.0.40219.1
Project("{FAE04EC0-301F-11D3-BF4B-00C04F79EFBC}") = "lab2_task2", "lab2_task2.csproj", "{0914946B-1049-45DE-9DC5-D00E0335643E}"
EndProject
Global
	GlobalSection(SolutionConfigurationPlatforms) = preSolution
		Debug|Any CPU = Debug|Any CPU
		Release|Any CPU = Release|Any CPU
	EndGlobalSection
	GlobalSection(ProjectConfigurationPlatforms) = postSolution
		{0914946B-1049-45DE-9DC5-D00E0335643E}.Debug|Any CPU.ActiveCfg = Debug|Any CPU
		{0914946B-1049-45DE-9DC5-D00E0335643E}.Debug|Any CPU.Build.0 = Debug|Any CPU
		{0914946B-1049-45DE-9DC5-D00E0335643E}.Release|Any CPU.ActiveCfg = Release|Any CPU
		{0914946B-1049-45DE-9DC5-D00E0335643E}.Release|Any CPU.Build.0 = Release|Any CPU
	EndGlobalSection
	GlobalSection(SolutionProperties) = preSolution
		HideSolutionNode = FALSE
	EndGlobalSection
	GlobalSection(ExtensibilityGlobals) = postSolution
		SolutionGuid = {B79F0146-F001-4F33-9780-93C03717C0D0}
	EndGlobalSection
EndGlobal
